
Microsoft Visual Studio Solution File, Format Version 12.00
# Visual Studio 2013
VisualStudioVersion = 12.0.30723.0
MinimumVisualStudioVersion = 10.0.40219.1
Project("{8BC9CEB8-8B4A-11D0-8D11-00A0C91BC942}") = "core", "core\core.vcxproj", "{D4CC079C-163C-48A7-81DC-5BA2D2E4B115}"
EndProject
Project("{FAE04EC0-301F-11D3-BF4B-00C04F79EFBC}") = "mod", "mod\mod.csproj", "{6E9AF4CA-C384-43C2-A8C8-4F225CC34915}"
EndProject
Global
	GlobalSection(SolutionConfigurationPlatforms) = preSolution
		Debug|x86 = Debug|x86
		Release|x86 = Release|x86
	EndGlobalSection
	GlobalSection(ProjectConfigurationPlatforms) = postSolution
		{D4CC079C-163C-48A7-81DC-5BA2D2E4B115}.Debug|x86.ActiveCfg = Debug|Win32
		{D4CC079C-163C-48A7-81DC-5BA2D2E4B115}.Debug|x86.Build.0 = Debug|Win32
		{D4CC079C-163C-48A7-81DC-5BA2D2E4B115}.Release|x86.ActiveCfg = Release|Win32
		{D4CC079C-163C-48A7-81DC-5BA2D2E4B115}.Release|x86.Build.0 = Release|Win32
		{6E9AF4CA-C384-43C2-A8C8-4F225CC34915}.Debug|x86.ActiveCfg = Debug|Any CPU
		{6E9AF4CA-C384-43C2-A8C8-4F225CC34915}.Debug|x86.Build.0 = Debug|Any CPU
		{6E9AF4CA-C384-43C2-A8C8-4F225CC34915}.Release|x86.ActiveCfg = Release|Any CPU
		{6E9AF4CA-C384-43C2-A8C8-4F225CC34915}.Release|x86.Build.0 = Release|Any CPU
	EndGlobalSection
	GlobalSection(SolutionProperties) = preSolution
		HideSolutionNode = FALSE
	EndGlobalSection
EndGlobal
