<?xml version="1.0" encoding="utf-8"?>
<Project ToolsVersion="4.0" xmlns="http://schemas.microsoft.com/developer/msbuild/2003">
  <ItemGroup>
    <ClCompile Include="glad.c" />
    <ClCompile Include="GBuffer.cpp" />
    <ClCompile Include="RenderTexture.cpp" />
    <ClCompile Include="Camera.cpp" />
    <ClCompile Include="Application.cpp" />
    <ClCompile Include="Transform.cpp" />
    <ClCompile Include="World.cpp" />
    <ClCompile Include="Block.cpp" />
    <ClCompile Include="Chunk.cpp" />
    <ClCompile Include="MeshManager.cpp" />
    <ClCompile Include="Program.cpp" />
    <ClCompile Include="MathUtil.cpp" />
    <ClCompile Include="Input.cpp" />
    <ClCompile Include="Main.cpp" />
    <ClCompile Include="Color.cpp" />
    <ClCompile Include="Texture.cpp" />
    <ClCompile Include="Random.cpp" />
    <ClCompile Include="CoreGL.cpp" />
    <ClCompile Include="UnityBuild.cpp">
      <Filter>UnityBuild</Filter>
    </ClCompile>
  </ItemGroup>
  <ItemGroup>
    <ClInclude Include="GBuffer.h" />
    <ClInclude Include="IntegralTypes.h" />
    <ClInclude Include="Vector.h" />
    <ClInclude Include="RenderTexture.h" />
    <ClInclude Include="Camera.h" />
    <ClInclude Include="Application.h" />
    <ClInclude Include="Transform.h" />
    <ClInclude Include="MathUtil.h" />
    <ClInclude Include="World.h" />
    <ClInclude Include="Block.h" />
    <ClInclude Include="Chunk.h" />
    <ClInclude Include="MeshManager.h" />
    <ClInclude Include="Program.h" />
    <ClInclude Include="Input.h" />
    <ClInclude Include="State.h">
      <Filter>Lua</Filter>
    </ClInclude>
    <ClInclude Include="Reference.h">
      <Filter>Lua</Filter>
    </ClInclude>
    <ClInclude Include="Name.h" />
    <ClInclude Include="Color.h" />
    <ClInclude Include="Texture.h" />
    <ClInclude Include="stb_image.h" />
    <ClInclude Include="Random.h" />
    <ClInclude Include="Common.h" />
    <ClInclude Include="CoreGL.h" />
  </ItemGroup>
  <ItemGroup>
    <Filter Include="Shaders">
      <UniqueIdentifier>{386dc69e-3b33-4534-9788-4174228057b2}</UniqueIdentifier>
    </Filter>
    <Filter Include="Lua">
      <UniqueIdentifier>{8034c934-df3f-4f1f-a919-8702c4c80efd}</UniqueIdentifier>
    </Filter>
    <Filter Include="UnityBuild">
      <UniqueIdentifier>{e0c65f8a-1ee1-4bad-a897-47ff5107003b}</UniqueIdentifier>
    </Filter>
  </ItemGroup>
  <ItemGroup>
    <None Include="Voxels.frag">
      <Filter>Shaders</Filter>
    </None>
    <None Include="Voxels.vert">
      <Filter>Shaders</Filter>
    </None>
    <None Include="HelloWorld.lua">
      <Filter>Lua</Filter>
    </None>
  </ItemGroup>
</Project>